<?xml version="1.0" encoding="utf-8"?>
<Project ToolsVersion="4.0" xmlns="http://schemas.microsoft.com/developer/msbuild/2003">
  <ItemGroup>
    <ClCompile Include="Collider.cpp" />
    <ClCompile Include="Physics\BoxCollider.cpp" />
    <ClCompile Include="EventManager.cpp" />
    <ClCompile Include="Flag.cpp" />
    <ClCompile Include="FlagGUI.cpp" />
    <ClCompile Include="Game.cpp" />
    <ClCompile Include="GUI.cpp" />
    <ClCompile Include="Health.cpp" />
    <ClCompile Include="Main.cpp" />
    <ClCompile Include="Maze.cpp" />
    <ClCompile Include="MazeGenerator.cpp" />
    <ClCompile Include="MazeTile.cpp" />
    <ClCompile Include="MoveableWall.cpp" />
    <ClCompile Include="Networking\ClientConnection.cpp" />
    <ClCompile Include="OpenAL\Framework\aldlist.cpp" />
    <ClCompile Include="OpenAL\Framework\CWaves.cpp" />
    <ClCompile Include="OpenAL\Framework\Framework.cpp" />
    <ClCompile Include="OpenAL\Framework\LoadOAL.cpp" />
    <ClCompile Include="OpenAL\OpenALListener.cpp" />
    <ClCompile Include="OpenAL\OpenALSource.cpp" />
    <ClCompile Include="Physics\DebugDrawer.cpp" />
    <ClCompile Include="Physics\ICollider.cpp" />
    <ClCompile Include="Physics\PhysicsWorld.cpp" />
    <ClCompile Include="Physics\RigidBody.cpp" />
    <ClCompile Include="Player.cpp" />
    <ClCompile Include="Audio\PlayerAudioEmitter.cpp" />
    <ClCompile Include="RespawnFloor.cpp" />
    <ClCompile Include="StaticWall.cpp" />
    <ClCompile Include="WalledMazeTile.cpp" />
    <ClCompile Include="Weapon.cpp" />
  </ItemGroup>
  <ItemGroup>
    <ClInclude Include="Collider.h" />
    <ClInclude Include="Physics\BoxCollider.h" />
    <ClInclude Include="EventManager.h" />
    <ClInclude Include="Debug.h" />
    <ClInclude Include="Flag.h" />
    <ClInclude Include="FlagGUI.h" />
    <ClInclude Include="Game.h" />
    <ClInclude Include="GUI.h" />
    <ClInclude Include="Health.h" />
    <ClInclude Include="IUIElement.h" />
    <ClInclude Include="Maze.h" />
    <ClInclude Include="MazeGenerator.h" />
    <ClInclude Include="MazeTile.h" />
    <ClInclude Include="MoveableWall.h" />
    <ClInclude Include="Networking\ClientConnection.h" />
    <ClInclude Include="OpenAL\Framework\aldlist.h" />
    <ClInclude Include="OpenAL\Framework\CWaves.h" />
    <ClInclude Include="OpenAL\Framework\Framework.h" />
    <ClInclude Include="OpenAL\Framework\LoadOAL.h" />
    <ClInclude Include="OpenAL\OpenALListener.h" />
    <ClInclude Include="OpenAL\OpenALSource.h" />
    <ClInclude Include="Physics\DebugDrawer.h" />
    <ClInclude Include="Physics\ICollider.h" />
    <ClInclude Include="Physics\PhysicsWorld.h" />
    <ClInclude Include="Physics\RigidBody.h" />
    <ClInclude Include="Player.h" />
    <ClInclude Include="Audio\PlayerAudioEmitter.h" />
    <ClInclude Include="RespawnFloor.h" />
    <ClInclude Include="StaticWall.h" />
    <ClInclude Include="WalledMazeTile.h" />
    <ClInclude Include="Weapon.h" />
    <ClInclude Include="Physics\ECollisionFilter.h" />
    <ClInclude Include="EnumUtility.h" />
  </ItemGroup>
</Project>