<?xml version="1.0" encoding="utf-8"?>
<Project ToolsVersion="4.0" xmlns="http://schemas.microsoft.com/developer/msbuild/2003">
  <ItemGroup>
    <Filter Include="Source Files">
      <UniqueIdentifier>{4FC737F1-C7A5-4376-A066-2A32D752A2FF}</UniqueIdentifier>
      <Extensions>cpp;c;cc;cxx;def;odl;idl;hpj;bat;asm;asmx</Extensions>
    </Filter>
    <Filter Include="Header Files">
      <UniqueIdentifier>{93995380-89BD-4b04-88EB-625FBE52EBFB}</UniqueIdentifier>
      <Extensions>h;hh;hpp;hxx;hm;inl;inc;xsd</Extensions>
    </Filter>
    <Filter Include="Shared Files">
      <UniqueIdentifier>{f3d4395d-5eb0-42f1-a047-d2ab8c55948a}</UniqueIdentifier>
    </Filter>
    <Filter Include="Resource Files">
      <UniqueIdentifier>{67DA6AB6-F800-4c08-8B7A-83BB121AAD01}</UniqueIdentifier>
      <Extensions>rc;ico;cur;bmp;dlg;rc2;rct;bin;rgs;gif;jpg;jpeg;jpe;resx;tiff;tif;png;wav;mfcribbon-ms</Extensions>
    </Filter>
    <Filter Include="Shared Files\Physics">
      <UniqueIdentifier>{12b82904-cb6a-4fbb-ae5b-da280fbcd0cd}</UniqueIdentifier>
    </Filter>
    <Filter Include="Shared Files\Networking">
      <UniqueIdentifier>{6d35f9e4-addc-4b3c-bb12-a4b067e83a0d}</UniqueIdentifier>
    </Filter>
  </ItemGroup>
  <ItemGroup>
    <ClCompile Include="Main.cpp">
      <Filter>Source Files</Filter>
    </ClCompile>
    <ClCompile Include="Game.cpp">
      <Filter>Source Files</Filter>
    </ClCompile>
    <ClCompile Include="TeamScore.cpp">
      <Filter>Source Files</Filter>
    </ClCompile>
    <ClCompile Include="Networking\Connection.cpp">
      <Filter>Source Files</Filter>
    </ClCompile>
    <ClCompile Include="..\ConfusShared\BaseGame.cpp">
      <Filter>Shared Files</Filter>
    </ClCompile>
    <ClCompile Include="..\ConfusShared\RespawnFloor.cpp">
      <Filter>Shared Files</Filter>
    </ClCompile>
    <ClCompile Include="..\ConfusShared\Maze.cpp">
      <Filter>Shared Files</Filter>
    </ClCompile>
    <ClCompile Include="..\ConfusShared\MazeGenerator.cpp">
      <Filter>Shared Files</Filter>
    </ClCompile>
    <ClCompile Include="..\ConfusShared\MazeTile.cpp">
      <Filter>Shared Files</Filter>
    </ClCompile>
    <ClCompile Include="..\ConfusShared\MoveableWall.cpp">
      <Filter>Shared Files</Filter>
    </ClCompile>
    <ClCompile Include="..\ConfusShared\WalledMazeTile.cpp">
      <Filter>Shared Files</Filter>
    </ClCompile>
    <ClCompile Include="..\ConfusShared\Weapon.cpp">
      <Filter>Shared Files</Filter>
    </ClCompile>
    <ClCompile Include="..\ConfusShared\EventManager.cpp">
      <Filter>Shared Files</Filter>
    </ClCompile>
    <ClCompile Include="..\ConfusShared\Flag.cpp">
      <Filter>Shared Files</Filter>
    </ClCompile>
    <ClCompile Include="Source.cpp">
      <Filter>Source Files</Filter>
    </ClCompile>
    <ClCompile Include="..\ConfusShared\Player.cpp">
      <Filter>Shared Files</Filter>
    </ClCompile>
    <ClCompile Include="..\ConfusShared\Physics\BoxCollider.cpp">
      <Filter>Shared Files\Physics</Filter>
    </ClCompile>
    <ClCompile Include="..\ConfusShared\Physics\Collider.cpp">
      <Filter>Shared Files\Physics</Filter>
    </ClCompile>
    <ClCompile Include="..\ConfusShared\Physics\CollisionRegistrar.cpp">
      <Filter>Shared Files\Physics</Filter>
    </ClCompile>
    <ClCompile Include="..\ConfusShared\Physics\DebugDrawer.cpp">
      <Filter>Shared Files\Physics</Filter>
    </ClCompile>
    <ClCompile Include="..\ConfusShared\Physics\PhysicsWorld.cpp">
      <Filter>Shared Files\Physics</Filter>
    </ClCompile>
    <ClCompile Include="..\ConfusShared\Physics\RigidBody.cpp">
      <Filter>Shared Files\Physics</Filter>
    </ClCompile>
    <ClCompile Include="..\ConfusShared\Health.cpp">
      <Filter>Shared Files</Filter>
    </ClCompile>
    <ClCompile Include="RemoteInputReceiver.cpp">
      <Filter>Source Files</Filter>
    </ClCompile>
    <ClCompile Include="RemoteFlagUpdater.cpp">
      <Filter>Source Files</Filter>
    </ClCompile>
  </ItemGroup>
  <ItemGroup>
    <ClInclude Include="Game.h">
      <Filter>Header Files</Filter>
    </ClInclude>
    <ClInclude Include="TeamScore.h">
      <Filter>Header Files</Filter>
    </ClInclude>
    <ClInclude Include="Networking\Connection.h">
      <Filter>Header Files</Filter>
    </ClInclude>
    <ClInclude Include="..\ConfusShared\Debug.h">
      <Filter>Shared Files</Filter>
    </ClInclude>
    <ClInclude Include="..\ConfusShared\EnumUtility.h">
      <Filter>Shared Files</Filter>
    </ClInclude>
    <ClInclude Include="..\ConfusShared\TeamIdentifier.h">
      <Filter>Shared Files</Filter>
    </ClInclude>
    <ClInclude Include="..\ConfusShared\BaseGame.h">
      <Filter>Shared Files</Filter>
    </ClInclude>
    <ClInclude Include="..\ConfusShared\Delegate.h">
      <Filter>Shared Files</Filter>
    </ClInclude>
    <ClInclude Include="..\ConfusShared\RespawnFloor.h">
      <Filter>Shared Files</Filter>
    </ClInclude>
    <ClInclude Include="..\ConfusShared\Maze.h">
      <Filter>Shared Files</Filter>
    </ClInclude>
    <ClInclude Include="..\ConfusShared\MazeGenerator.h">
      <Filter>Shared Files</Filter>
    </ClInclude>
    <ClInclude Include="..\ConfusShared\MazeTile.h">
      <Filter>Shared Files</Filter>
    </ClInclude>
    <ClInclude Include="..\ConfusShared\MoveableWall.h">
      <Filter>Shared Files</Filter>
    </ClInclude>
    <ClInclude Include="..\ConfusShared\WalledMazeTile.h">
      <Filter>Shared Files</Filter>
    </ClInclude>
    <ClInclude Include="..\ConfusShared\Weapon.h">
      <Filter>Shared Files</Filter>
    </ClInclude>
    <ClInclude Include="..\ConfusShared\EventManager.h">
      <Filter>Shared Files</Filter>
    </ClInclude>
    <ClInclude Include="..\ConfusShared\EHitIdentifier.h">
      <Filter>Shared Files</Filter>
    </ClInclude>
    <ClInclude Include="..\ConfusShared\Flag.h">
      <Filter>Shared Files</Filter>
    </ClInclude>
    <ClInclude Include="..\ConfusShared\Player.h">
      <Filter>Shared Files</Filter>
    </ClInclude>
    <ClInclude Include="..\ConfusShared\Physics\BoxCollider.h">
      <Filter>Shared Files\Physics</Filter>
    </ClInclude>
    <ClInclude Include="..\ConfusShared\Physics\Collider.h">
      <Filter>Shared Files\Physics</Filter>
    </ClInclude>
    <ClInclude Include="..\ConfusShared\Physics\CollisionRegistrar.h">
      <Filter>Shared Files\Physics</Filter>
    </ClInclude>
    <ClInclude Include="..\ConfusShared\Physics\DebugDrawer.h">
      <Filter>Shared Files\Physics</Filter>
    </ClInclude>
    <ClInclude Include="..\ConfusShared\Physics\ECollisionFilter.h">
      <Filter>Shared Files\Physics</Filter>
    </ClInclude>
    <ClInclude Include="..\ConfusShared\Physics\PhysicsWorld.h">
      <Filter>Shared Files\Physics</Filter>
    </ClInclude>
    <ClInclude Include="..\ConfusShared\Physics\RigidBody.h">
      <Filter>Shared Files\Physics</Filter>
    </ClInclude>
    <ClInclude Include="..\ConfusShared\Health.h">
      <Filter>Shared Files</Filter>
    </ClInclude>
    <ClInclude Include="..\ConfusShared\PacketType.h">
      <Filter>Shared Files\Networking</Filter>
    </ClInclude>
    <ClInclude Include="..\ConfusShared\PlayerInputState.h">
      <Filter>Shared Files</Filter>
    </ClInclude>
    <ClInclude Include="RemoteInputReceiver.h">
      <Filter>Header Files</Filter>
    </ClInclude>
    <ClInclude Include="RemoteFlagUpdater.h">
      <Filter>Header Files</Filter>
    </ClInclude>
  </ItemGroup>
</Project>